
Microsoft Visual Studio Solution File, Format Version 12.00
# Visual Studio 2013
VisualStudioVersion = 12.0.31101.0
MinimumVisualStudioVersion = 10.0.40219.1
Project("{8BC9CEB8-8B4A-11D0-8D11-00A0C91BC942}") = "Tut3-UpDownCounter", "Tut3-UpDownCounter\Tut3-UpDownCounter.vcxproj", "{1B4D5C82-43FC-4D21-9B97-95370CC86D33}"
EndProject
Global
	GlobalSection(SolutionConfigurationPlatforms) = preSolution
		Debug|Win32 = Debug|Win32
		Release|Win32 = Release|Win32
	EndGlobalSection
	GlobalSection(ProjectConfigurationPlatforms) = postSolution
		{1B4D5C82-43FC-4D21-9B97-95370CC86D33}.Debug|Win32.ActiveCfg = Debug|Win32
		{1B4D5C82-43FC-4D21-9B97-95370CC86D33}.Debug|Win32.Build.0 = Debug|Win32
		{1B4D5C82-43FC-4D21-9B97-95370CC86D33}.Release|Win32.ActiveCfg = Release|Win32
		{1B4D5C82-43FC-4D21-9B97-95370CC86D33}.Release|Win32.Build.0 = Release|Win32
	EndGlobalSection
	GlobalSection(SolutionProperties) = preSolution
		HideSolutionNode = FALSE
	EndGlobalSection
EndGlobal
